
Microsoft Visual Studio Solution File, Format Version 12.00
# Visual Studio Version 17
VisualStudioVersion = 17.1.32228.430
MinimumVisualStudioVersion = 10.0.40219.1
Project("{FAE04EC0-301F-11D3-BF4B-00C04F79EFBC}") = "Day 5 Basi Programming Practice Problem", "Day 5 Basi Programming Practice Problem\Day 5 Basi Programming Practice Problem.csproj", "{81B458D8-7F2C-4934-8472-61DB3D0CD44E}"
EndProject
Global
	GlobalSection(SolutionConfigurationPlatforms) = preSolution
		Debug|Any CPU = Debug|Any CPU
		Release|Any CPU = Release|Any CPU
	EndGlobalSection
	GlobalSection(ProjectConfigurationPlatforms) = postSolution
		{81B458D8-7F2C-4934-8472-61DB3D0CD44E}.Debug|Any CPU.ActiveCfg = Debug|Any CPU
		{81B458D8-7F2C-4934-8472-61DB3D0CD44E}.Debug|Any CPU.Build.0 = Debug|Any CPU
		{81B458D8-7F2C-4934-8472-61DB3D0CD44E}.Release|Any CPU.ActiveCfg = Release|Any CPU
		{81B458D8-7F2C-4934-8472-61DB3D0CD44E}.Release|Any CPU.Build.0 = Release|Any CPU
	EndGlobalSection
	GlobalSection(SolutionProperties) = preSolution
		HideSolutionNode = FALSE
	EndGlobalSection
	GlobalSection(ExtensibilityGlobals) = postSolution
		SolutionGuid = {F6B2FDDA-1C1D-4247-9478-07E15C7713D4}
	EndGlobalSection
EndGlobal
